
Microsoft Visual Studio Solution File, Format Version 12.00
# Visual Studio Version 17
VisualStudioVersion = 17.1.32421.90
MinimumVisualStudioVersion = 10.0.40219.1
Project("{FAE04EC0-301F-11D3-BF4B-00C04F79EFBC}") = "Switch_Case", "Switch_Case\Switch_Case.csproj", "{958C6686-62F8-4EB1-B966-3CFB8B3027DE}"
EndProject
Global
	GlobalSection(SolutionConfigurationPlatforms) = preSolution
		Debug|Any CPU = Debug|Any CPU
		Release|Any CPU = Release|Any CPU
	EndGlobalSection
	GlobalSection(ProjectConfigurationPlatforms) = postSolution
		{958C6686-62F8-4EB1-B966-3CFB8B3027DE}.Debug|Any CPU.ActiveCfg = Debug|Any CPU
		{958C6686-62F8-4EB1-B966-3CFB8B3027DE}.Debug|Any CPU.Build.0 = Debug|Any CPU
		{958C6686-62F8-4EB1-B966-3CFB8B3027DE}.Release|Any CPU.ActiveCfg = Release|Any CPU
		{958C6686-62F8-4EB1-B966-3CFB8B3027DE}.Release|Any CPU.Build.0 = Release|Any CPU
	EndGlobalSection
	GlobalSection(SolutionProperties) = preSolution
		HideSolutionNode = FALSE
	EndGlobalSection
	GlobalSection(ExtensibilityGlobals) = postSolution
		SolutionGuid = {FD73884C-BA1E-402D-B243-F1EE0A91F0EB}
	EndGlobalSection
EndGlobal
