
Microsoft Visual Studio Solution File, Format Version 12.00
# Visual Studio Version 17
VisualStudioVersion = 17.1.32421.90
MinimumVisualStudioVersion = 10.0.40219.1
Project("{FAE04EC0-301F-11D3-BF4B-00C04F79EFBC}") = "Variables", "Variables\Variables.csproj", "{181C3A6B-3093-43C3-8B9C-9221A1A440D2}"
EndProject
Global
	GlobalSection(SolutionConfigurationPlatforms) = preSolution
		Debug|Any CPU = Debug|Any CPU
		Release|Any CPU = Release|Any CPU
	EndGlobalSection
	GlobalSection(ProjectConfigurationPlatforms) = postSolution
		{181C3A6B-3093-43C3-8B9C-9221A1A440D2}.Debug|Any CPU.ActiveCfg = Debug|Any CPU
		{181C3A6B-3093-43C3-8B9C-9221A1A440D2}.Debug|Any CPU.Build.0 = Debug|Any CPU
		{181C3A6B-3093-43C3-8B9C-9221A1A440D2}.Release|Any CPU.ActiveCfg = Release|Any CPU
		{181C3A6B-3093-43C3-8B9C-9221A1A440D2}.Release|Any CPU.Build.0 = Release|Any CPU
	EndGlobalSection
	GlobalSection(SolutionProperties) = preSolution
		HideSolutionNode = FALSE
	EndGlobalSection
	GlobalSection(ExtensibilityGlobals) = postSolution
		SolutionGuid = {096AE383-9311-42AD-A188-FD7EFC0D200C}
	EndGlobalSection
EndGlobal
