
Microsoft Visual Studio Solution File, Format Version 12.00
# Visual Studio Version 17
VisualStudioVersion = 17.1.32421.90
MinimumVisualStudioVersion = 10.0.40219.1
Project("{FAE04EC0-301F-11D3-BF4B-00C04F79EFBC}") = "Data_Types", "Data_Types\Data_Types.csproj", "{97032DF1-43E4-4B79-BD03-231F52D57D1F}"
EndProject
Global
	GlobalSection(SolutionConfigurationPlatforms) = preSolution
		Debug|Any CPU = Debug|Any CPU
		Release|Any CPU = Release|Any CPU
	EndGlobalSection
	GlobalSection(ProjectConfigurationPlatforms) = postSolution
		{97032DF1-43E4-4B79-BD03-231F52D57D1F}.Debug|Any CPU.ActiveCfg = Debug|Any CPU
		{97032DF1-43E4-4B79-BD03-231F52D57D1F}.Debug|Any CPU.Build.0 = Debug|Any CPU
		{97032DF1-43E4-4B79-BD03-231F52D57D1F}.Release|Any CPU.ActiveCfg = Release|Any CPU
		{97032DF1-43E4-4B79-BD03-231F52D57D1F}.Release|Any CPU.Build.0 = Release|Any CPU
	EndGlobalSection
	GlobalSection(SolutionProperties) = preSolution
		HideSolutionNode = FALSE
	EndGlobalSection
	GlobalSection(ExtensibilityGlobals) = postSolution
		SolutionGuid = {815BEB31-EF5F-4A84-BC56-218240551132}
	EndGlobalSection
EndGlobal
