
Microsoft Visual Studio Solution File, Format Version 12.00
# Visual Studio Version 17
VisualStudioVersion = 17.1.32421.90
MinimumVisualStudioVersion = 10.0.40219.1
Project("{FAE04EC0-301F-11D3-BF4B-00C04F79EFBC}") = "Operator", "Operator\Operator.csproj", "{061ED842-7F44-46AD-8064-6238365D88DB}"
EndProject
Global
	GlobalSection(SolutionConfigurationPlatforms) = preSolution
		Debug|Any CPU = Debug|Any CPU
		Release|Any CPU = Release|Any CPU
	EndGlobalSection
	GlobalSection(ProjectConfigurationPlatforms) = postSolution
		{061ED842-7F44-46AD-8064-6238365D88DB}.Debug|Any CPU.ActiveCfg = Debug|Any CPU
		{061ED842-7F44-46AD-8064-6238365D88DB}.Debug|Any CPU.Build.0 = Debug|Any CPU
		{061ED842-7F44-46AD-8064-6238365D88DB}.Release|Any CPU.ActiveCfg = Release|Any CPU
		{061ED842-7F44-46AD-8064-6238365D88DB}.Release|Any CPU.Build.0 = Release|Any CPU
	EndGlobalSection
	GlobalSection(SolutionProperties) = preSolution
		HideSolutionNode = FALSE
	EndGlobalSection
	GlobalSection(ExtensibilityGlobals) = postSolution
		SolutionGuid = {E42875E2-0B31-4572-9E41-711ECBF68600}
	EndGlobalSection
EndGlobal
